
Microsoft Visual Studio Solution File, Format Version 12.00
# Visual Studio Version 16
VisualStudioVersion = 16.0.31005.135
MinimumVisualStudioVersion = 10.0.40219.1
Project("{FAE04EC0-301F-11D3-BF4B-00C04F79EFBC}") = "DB2MQTT", "DB2MQTT.csproj", "{B42CD2B7-A290-453E-89F9-2ED694DA5F83}"
EndProject
Global
	GlobalSection(SolutionConfigurationPlatforms) = preSolution
		Debug|Any CPU = Debug|Any CPU
		Release|Any CPU = Release|Any CPU
	EndGlobalSection
	GlobalSection(ProjectConfigurationPlatforms) = postSolution
		{B42CD2B7-A290-453E-89F9-2ED694DA5F83}.Debug|Any CPU.ActiveCfg = Debug|Any CPU
		{B42CD2B7-A290-453E-89F9-2ED694DA5F83}.Debug|Any CPU.Build.0 = Debug|Any CPU
		{B42CD2B7-A290-453E-89F9-2ED694DA5F83}.Release|Any CPU.ActiveCfg = Release|Any CPU
		{B42CD2B7-A290-453E-89F9-2ED694DA5F83}.Release|Any CPU.Build.0 = Release|Any CPU
	EndGlobalSection
	GlobalSection(SolutionProperties) = preSolution
		HideSolutionNode = FALSE
	EndGlobalSection
	GlobalSection(ExtensibilityGlobals) = postSolution
		SolutionGuid = {390C7B12-4390-4A93-B390-D9636D9D0E6C}
	EndGlobalSection
EndGlobal
